
Microsoft Visual Studio Solution File, Format Version 12.00
# Visual Studio Version 17
VisualStudioVersion = 17.4.33110.190
MinimumVisualStudioVersion = 10.0.40219.1
Project("{FAE04EC0-301F-11D3-BF4B-00C04F79EFBC}") = "ODataPrueba", "ODataPrueba\ODataPrueba.csproj", "{C63E75E0-09DB-4D93-B854-3A3AAA878D62}"
EndProject
Global
	GlobalSection(SolutionConfigurationPlatforms) = preSolution
		Debug|Any CPU = Debug|Any CPU
		Release|Any CPU = Release|Any CPU
	EndGlobalSection
	GlobalSection(ProjectConfigurationPlatforms) = postSolution
		{C63E75E0-09DB-4D93-B854-3A3AAA878D62}.Debug|Any CPU.ActiveCfg = Debug|Any CPU
		{C63E75E0-09DB-4D93-B854-3A3AAA878D62}.Debug|Any CPU.Build.0 = Debug|Any CPU
		{C63E75E0-09DB-4D93-B854-3A3AAA878D62}.Release|Any CPU.ActiveCfg = Release|Any CPU
		{C63E75E0-09DB-4D93-B854-3A3AAA878D62}.Release|Any CPU.Build.0 = Release|Any CPU
	EndGlobalSection
	GlobalSection(SolutionProperties) = preSolution
		HideSolutionNode = FALSE
	EndGlobalSection
	GlobalSection(ExtensibilityGlobals) = postSolution
		SolutionGuid = {8EB241DC-91BF-42D9-8CED-35C4C354BA51}
	EndGlobalSection
EndGlobal
